
Microsoft Visual Studio Solution File, Format Version 12.00
# Visual Studio Version 17
VisualStudioVersion = 17.4.33122.133
MinimumVisualStudioVersion = 10.0.40219.1
Project("{2150E333-8FDC-42A3-9474-1A3956D46DE8}") = "Core", "Core", "{4D868615-FB0E-4A5F-8FB4-9744DA03A21A}"
EndProject
Project("{2150E333-8FDC-42A3-9474-1A3956D46DE8}") = "Infrastracture", "Infrastracture", "{44772000-A428-4F20-9138-8383DCB2409F}"
EndProject
Project("{2150E333-8FDC-42A3-9474-1A3956D46DE8}") = "Presentation", "Presentation", "{D5AB968C-1C49-4AB0-9063-5F5AE6D1EF68}"
EndProject
Project("{FAE04EC0-301F-11D3-BF4B-00C04F79EFBC}") = "Domain", "Domain\Domain.csproj", "{418D3D0D-C252-4DFA-B2BC-D7A5FB51B32B}"
EndProject
Project("{FAE04EC0-301F-11D3-BF4B-00C04F79EFBC}") = "Persistence", "Persistence\Persistence.csproj", "{29E0A962-A4DE-4726-9423-7EC3BD57E471}"
EndProject
Project("{FAE04EC0-301F-11D3-BF4B-00C04F79EFBC}") = "Application", "Application\Application.csproj", "{1A0A9DE3-8A4C-44C0-8F99-893C2DEC6DC9}"
EndProject
Project("{FAE04EC0-301F-11D3-BF4B-00C04F79EFBC}") = "WebApi", "WebApi\WebApi.csproj", "{2F0E716C-43B6-4D42-BA0E-78B97D7EDD0E}"
EndProject
Global
	GlobalSection(SolutionConfigurationPlatforms) = preSolution
		Debug|Any CPU = Debug|Any CPU
		Release|Any CPU = Release|Any CPU
	EndGlobalSection
	GlobalSection(ProjectConfigurationPlatforms) = postSolution
		{418D3D0D-C252-4DFA-B2BC-D7A5FB51B32B}.Debug|Any CPU.ActiveCfg = Debug|Any CPU
		{418D3D0D-C252-4DFA-B2BC-D7A5FB51B32B}.Debug|Any CPU.Build.0 = Debug|Any CPU
		{418D3D0D-C252-4DFA-B2BC-D7A5FB51B32B}.Release|Any CPU.ActiveCfg = Release|Any CPU
		{418D3D0D-C252-4DFA-B2BC-D7A5FB51B32B}.Release|Any CPU.Build.0 = Release|Any CPU
		{29E0A962-A4DE-4726-9423-7EC3BD57E471}.Debug|Any CPU.ActiveCfg = Debug|Any CPU
		{29E0A962-A4DE-4726-9423-7EC3BD57E471}.Debug|Any CPU.Build.0 = Debug|Any CPU
		{29E0A962-A4DE-4726-9423-7EC3BD57E471}.Release|Any CPU.ActiveCfg = Release|Any CPU
		{29E0A962-A4DE-4726-9423-7EC3BD57E471}.Release|Any CPU.Build.0 = Release|Any CPU
		{1A0A9DE3-8A4C-44C0-8F99-893C2DEC6DC9}.Debug|Any CPU.ActiveCfg = Debug|Any CPU
		{1A0A9DE3-8A4C-44C0-8F99-893C2DEC6DC9}.Debug|Any CPU.Build.0 = Debug|Any CPU
		{1A0A9DE3-8A4C-44C0-8F99-893C2DEC6DC9}.Release|Any CPU.ActiveCfg = Release|Any CPU
		{1A0A9DE3-8A4C-44C0-8F99-893C2DEC6DC9}.Release|Any CPU.Build.0 = Release|Any CPU
		{2F0E716C-43B6-4D42-BA0E-78B97D7EDD0E}.Debug|Any CPU.ActiveCfg = Debug|Any CPU
		{2F0E716C-43B6-4D42-BA0E-78B97D7EDD0E}.Debug|Any CPU.Build.0 = Debug|Any CPU
		{2F0E716C-43B6-4D42-BA0E-78B97D7EDD0E}.Release|Any CPU.ActiveCfg = Release|Any CPU
		{2F0E716C-43B6-4D42-BA0E-78B97D7EDD0E}.Release|Any CPU.Build.0 = Release|Any CPU
	EndGlobalSection
	GlobalSection(SolutionProperties) = preSolution
		HideSolutionNode = FALSE
	EndGlobalSection
	GlobalSection(NestedProjects) = preSolution
		{418D3D0D-C252-4DFA-B2BC-D7A5FB51B32B} = {4D868615-FB0E-4A5F-8FB4-9744DA03A21A}
		{29E0A962-A4DE-4726-9423-7EC3BD57E471} = {44772000-A428-4F20-9138-8383DCB2409F}
		{1A0A9DE3-8A4C-44C0-8F99-893C2DEC6DC9} = {4D868615-FB0E-4A5F-8FB4-9744DA03A21A}
		{2F0E716C-43B6-4D42-BA0E-78B97D7EDD0E} = {D5AB968C-1C49-4AB0-9063-5F5AE6D1EF68}
	EndGlobalSection
	GlobalSection(ExtensibilityGlobals) = postSolution
		SolutionGuid = {84195F9C-C282-44DB-9FA3-934A3D381DFE}
	EndGlobalSection
EndGlobal
